
Microsoft Visual Studio Solution File, Format Version 12.00
# Visual Studio Version 17
VisualStudioVersion = 17.14.36429.23 d17.14
MinimumVisualStudioVersion = 10.0.40219.1
Project("{FAE04EC0-301F-11D3-BF4B-00C04F79EFBC}") = "RAGMovieApp", "RAGMovieApp\RAGMovieApp.csproj", "{D296E70E-2B28-4EFA-95E8-8F9CDE79699B}"
EndProject
Global
	GlobalSection(SolutionConfigurationPlatforms) = preSolution
		Debug|Any CPU = Debug|Any CPU
		Release|Any CPU = Release|Any CPU
	EndGlobalSection
	GlobalSection(ProjectConfigurationPlatforms) = postSolution
		{D296E70E-2B28-4EFA-95E8-8F9CDE79699B}.Debug|Any CPU.ActiveCfg = Debug|Any CPU
		{D296E70E-2B28-4EFA-95E8-8F9CDE79699B}.Debug|Any CPU.Build.0 = Debug|Any CPU
		{D296E70E-2B28-4EFA-95E8-8F9CDE79699B}.Release|Any CPU.ActiveCfg = Release|Any CPU
		{D296E70E-2B28-4EFA-95E8-8F9CDE79699B}.Release|Any CPU.Build.0 = Release|Any CPU
	EndGlobalSection
	GlobalSection(SolutionProperties) = preSolution
		HideSolutionNode = FALSE
	EndGlobalSection
	GlobalSection(ExtensibilityGlobals) = postSolution
		SolutionGuid = {14D47704-9698-4A38-9A48-90FCC829C5D9}
	EndGlobalSection
EndGlobal
